// !$*UTF8*$!
{
	archiveVersion = 1;
	classes = {
	};
	objectVersion = 46;
	objects = {

/* Begin PBXBuildFile section */
		840F7DA019C14803005C1742 /* AppDelegate.swift in Sources */ = {isa = PBXBuildFile; fileRef = 840F7D9F19C14803005C1742 /* AppDelegate.swift */; };
		840F7DA219C14803005C1742 /* ViewController.swift in Sources */ = {isa = PBXBuildFile; fileRef = 840F7DA119C14803005C1742 /* ViewController.swift */; };
		840F7DA519C14803005C1742 /* Main.storyboard in Resources */ = {isa = PBXBuildFile; fileRef = 840F7DA319C14803005C1742 /* Main.storyboard */; };
		840F7DA719C14803005C1742 /* Images.xcassets in Resources */ = {isa = PBXBuildFile; fileRef = 840F7DA619C14803005C1742 /* Images.xcassets */; };
		840F7DAA19C14803005C1742 /* LaunchScreen.xib in Resources */ = {isa = PBXBuildFile; fileRef = 840F7DA819C14803005C1742 /* LaunchScreen.xib */; };
		840F7DB619C14803005C1742 /* rottentomTests.swift in Sources */ = {isa = PBXBuildFile; fileRef = 840F7DB519C14803005C1742 /* rottentomTests.swift */; };
/* End PBXBuildFile section */

/* Begin PBXContainerItemProxy section */
		840F7DB019C14803005C1742 /* PBXContainerItemProxy */ = {
			isa = PBXContainerItemProxy;
			containerPortal = 840F7D9219C14803005C1742 /* Project object */;
			proxyType = 1;
			remoteGlobalIDString = 840F7D9919C14803005C1742;
			remoteInfo = rottentom;
		};
/* End PBXContainerItemProxy section */

/* Begin PBXFileReference section */
		840F7D9A19C14803005C1742 /* rottentom.app */ = {isa = PBXFileReference; explicitFileType = wrapper.application; includeInIndex = 0; path = rottentom.app; sourceTree = BUILT_PRODUCTS_DIR; };
		840F7D9E19C14803005C1742 /* Info.plist */ = {isa = PBXFileReference; lastKnownFileType = text.plist.xml; path = Info.plist; sourceTree = "<group>"; };
		840F7D9F19C14803005C1742 /* AppDelegate.swift */ = {isa = PBXFileReference; lastKnownFileType = sourcecode.swift; path = AppDelegate.swift; sourceTree = "<group>"; };
		840F7DA119C14803005C1742 /* ViewController.swift */ = {isa = PBXFileReference; lastKnownFileType = sourcecode.swift; path = ViewController.swift; sourceTree = "<group>"; };
		840F7DA419C14803005C1742 /* Base */ = {isa = PBXFileReference; lastKnownFileType = file.storyboard; name = Base; path = Base.lproj/Main.storyboard; sourceTree = "<group>"; };
		840F7DA619C14803005C1742 /* Images.xcassets */ = {isa = PBXFileReference; lastKnownFileType = folder.assetcatalog; path = Images.xcassets; sourceTree = "<group>"; };
		840F7DA919C14803005C1742 /* Base */ = {isa = PBXFileReference; lastKnownFileType = file.xib; name = Base; path = Base.lproj/LaunchScreen.xib; sourceTree = "<group>"; };
		840F7DAF19C14803005C1742 /* rottentomTests.xctest */ = {isa = PBXFileReference; explicitFileType = wrapper.cfbundle; includeInIndex = 0; path = rottentomTests.xctest; sourceTree = BUILT_PRODUCTS_DIR; };
		840F7DB419C14803005C1742 /* Info.plist */ = {isa = PBXFileReference; lastKnownFileType = text.plist.xml; path = Info.plist; sourceTree = "<group>"; };
		840F7DB519C14803005C1742 /* rottentomTests.swift */ = {isa = PBXFileReference; lastKnownFileType = sourcecode.swift; path = rottentomTests.swift; sourceTree = "<group>"; };
/* End PBXFileReference section */

/* Begin PBXFrameworksBuildPhase section */
		840F7D9719C14803005C1742 /* Frameworks */ = {
			isa = PBXFrameworksBuildPhase;
			buildActionMask = 2147483647;
			files = (
			);
			runOnlyForDeploymentPostprocessing = 0;
		};
		840F7DAC19C14803005C1742 /* Frameworks */ = {
			isa = PBXFrameworksBuildPhase;
			buildActionMask = 2147483647;
			files = (
			);
			runOnlyForDeploymentPostprocessing = 0;
		};
/* End PBXFrameworksBuildPhase section */

/* Begin PBXGroup section */
		840F7D9119C14803005C1742 = {
			isa = PBXGroup;
			children = (
				840F7D9C19C14803005C1742 /* rottentom */,
				840F7DB219C14803005C1742 /* rottentomTests */,
				840F7D9B19C14803005C1742 /* Products */,
			);
			sourceTree = "<group>";
		};
		840F7D9B19C14803005C1742 /* Products */ = {
			isa = PBXGroup;
			children = (
				840F7D9A19C14803005C1742 /* rottentom.app */,
				840F7DAF19C14803005C1742 /* rottentomTests.xctest */,
			);
			name = Products;
			sourceTree = "<group>";
		};
		840F7D9C19C14803005C1742 /* rottentom */ = {
			isa = PBXGroup;
			children = (
				840F7D9F19C14803005C1742 /* AppDelegate.swift */,
				840F7DA119C14803005C1742 /* ViewController.swift */,
				840F7DA319C14803005C1742 /* Main.storyboard */,
				840F7DA619C14803005C1742 /* Images.xcassets */,
				840F7DA819C14803005C1742 /* LaunchScreen.xib */,
				840F7D9D19C14803005C1742 /* Supporting Files */,
			);
			path = rottentom;
			sourceTree = "<group>";
		};
		840F7D9D19C14803005C1742 /* Supporting Files */ = {
			isa = PBXGroup;
			children = (
				840F7D9E19C14803005C1742 /* Info.plist */,
			);
			name = "Supporting Files";
			sourceTree = "<group>";
		};
		840F7DB219C14803005C1742 /* rottentomTests */ = {
			isa = PBXGroup;
			children = (
				840F7DB519C14803005C1742 /* rottentomTests.swift */,
				840F7DB319C14803005C1742 /* Supporting Files */,
			);
			path = rottentomTests;
			sourceTree = "<group>";
		};
		840F7DB319C14803005C1742 /* Supporting Files */ = {
			isa = PBXGroup;
			children = (
				840F7DB419C14803005C1742 /* Info.plist */,
			);
			name = "Supporting Files";
			sourceTree = "<group>";
		};
/* End PBXGroup section */

/* Begin PBXNativeTarget section */
		840F7D9919C14803005C1742 /* rottentom */ = {
			isa = PBXNativeTarget;
			buildConfigurationList = 840F7DB919C14803005C1742 /* Build configuration list for PBXNativeTarget "rottentom" */;
			buildPhases = (
				840F7D9619C14803005C1742 /* Sources */,
				840F7D9719C14803005C1742 /* Frameworks */,
				840F7D9819C14803005C1742 /* Resources */,
			);
			buildRules = (
			);
			dependencies = (
			);
			name = rottentom;
			productName = rottentom;
			productReference = 840F7D9A19C14803005C1742 /* rottentom.app */;
			productType = "com.apple.product-type.application";
		};
		840F7DAE19C14803005C1742 /* rottentomTests */ = {
			isa = PBXNativeTarget;
			buildConfigurationList = 840F7DBC19C14803005C1742 /* Build configuration list for PBXNativeTarget "rottentomTests" */;
			buildPhases = (
				840F7DAB19C14803005C1742 /* Sources */,
				840F7DAC19C14803005C1742 /* Frameworks */,
				840F7DAD19C14803005C1742 /* Resources */,
			);
			buildRules = (
			);
			dependencies = (
				840F7DB119C14803005C1742 /* PBXTargetDependency */,
			);
			name = rottentomTests;
			productName = rottentomTests;
			productReference = 840F7DAF19C14803005C1742 /* rottentomTests.xctest */;
			productType = "com.apple.product-type.bundle.unit-test";
		};
/* End PBXNativeTarget section */

/* Begin PBXProject section */
		840F7D9219C14803005C1742 /* Project object */ = {
			isa = PBXProject;
			attributes = {
				LastUpgradeCheck = 0600;
				ORGANIZATIONNAME = abdi;
				TargetAttributes = {
					840F7D9919C14803005C1742 = {
						CreatedOnToolsVersion = 6.0;
					};
					840F7DAE19C14803005C1742 = {
						CreatedOnToolsVersion = 6.0;
						TestTargetID = 840F7D9919C14803005C1742;
					};
				};
			};
			buildConfigurationList = 840F7D9519C14803005C1742 /* Build configuration list for PBXProject "rottentom" */;
			compatibilityVersion = "Xcode 3.2";
			developmentRegion = English;
			hasScannedForEncodings = 0;
			knownRegions = (
				en,
				Base,
			);
			mainGroup = 840F7D9119C14803005C1742;
			productRefGroup = 840F7D9B19C14803005C1742 /* Products */;
			projectDirPath = "";
			projectRoot = "";
			targets = (
				840F7D9919C14803005C1742 /* rottentom */,
				840F7DAE19C14803005C1742 /* rottentomTests */,
			);
		};
/* End PBXProject section */

/* Begin PBXResourcesBuildPhase section */
		840F7D9819C14803005C1742 /* Resources */ = {
			isa = PBXResourcesBuildPhase;
			buildActionMask = 2147483647;
			files = (
				840F7DA519C14803005C1742 /* Main.storyboard in Resources */,
				840F7DAA19C14803005C1742 /* LaunchScreen.xib in Resources */,
				840F7DA719C14803005C1742 /* Images.xcassets in Resources */,
			);
			runOnlyForDeploymentPostprocessing = 0;
		};
		840F7DAD19C14803005C1742 /* Resources */ = {
			isa = PBXResourcesBuildPhase;
			buildActionMask = 2147483647;
			files = (
			);
			runOnlyForDeploymentPostprocessing = 0;
		};
/* End PBXResourcesBuildPhase section */

/* Begin PBXSourcesBuildPhase section */
		840F7D9619C14803005C1742 /* Sources */ = {
			isa = PBXSourcesBuildPhase;
			buildActionMask = 2147483647;
			files = (
				840F7DA219C14803005C1742 /* ViewController.swift in Sources */,
				840F7DA019C14803005C1742 /* AppDelegate.swift in Sources */,
			);
			runOnlyForDeploymentPostprocessing = 0;
		};
		840F7DAB19C14803005C1742 /* Sources */ = {
			isa = PBXSourcesBuildPhase;
			buildActionMask = 2147483647;
			files = (
				840F7DB619C14803005C1742 /* rottentomTests.swift in Sources */,
			);
			runOnlyForDeploymentPostprocessing = 0;
		};
/* End PBXSourcesBuildPhase section */

/* Begin PBXTargetDependency section */
		840F7DB119C14803005C1742 /* PBXTargetDependency */ = {
			isa = PBXTargetDependency;
			target = 840F7D9919C14803005C1742 /* rottentom */;
			targetProxy = 840F7DB019C14803005C1742 /* PBXContainerItemProxy */;
		};
/* End PBXTargetDependency section */

/* Begin PBXVariantGroup section */
		840F7DA319C14803005C1742 /* Main.storyboard */ = {
			isa = PBXVariantGroup;
			children = (
				840F7DA419C14803005C1742 /* Base */,
			);
			name = Main.storyboard;
			sourceTree = "<group>";
		};
		840F7DA819C14803005C1742 /* LaunchScreen.xib */ = {
			isa = PBXVariantGroup;
			children = (
				840F7DA919C14803005C1742 /* Base */,
			);
			name = LaunchScreen.xib;
			sourceTree = "<group>";
		};
/* End PBXVariantGroup section */

/* Begin XCBuildConfiguration section */
		840F7DB719C14803005C1742 /* Debug */ = {
			isa = XCBuildConfiguration;
			buildSettings = {
				ALWAYS_SEARCH_USER_PATHS = NO;
				CLANG_CXX_LANGUAGE_STANDARD = "gnu++0x";
				CLANG_CXX_LIBRARY = "libc++";
				CLANG_ENABLE_MODULES = YES;
				CLANG_ENABLE_OBJC_ARC = YES;
				CLANG_WARN_BOOL_CONVERSION = YES;
				CLANG_WARN_CONSTANT_CONVERSION = YES;
				CLANG_WARN_DIRECT_OBJC_ISA_USAGE = YES_ERROR;
				CLANG_WARN_EMPTY_BODY = YES;
				CLANG_WARN_ENUM_CONVERSION = YES;
				CLANG_WARN_INT_CONVERSION = YES;
				CLANG_WARN_OBJC_ROOT_CLASS = YES_ERROR;
				CLANG_WARN_UNREACHABLE_CODE = YES;
				CLANG_WARN__DUPLICATE_METHOD_MATCH = YES;
				"CODE_SIGN_IDENTITY[sdk=iphoneos*]" = "iPhone Developer";
				COPY_PHASE_STRIP = NO;
				ENABLE_STRICT_OBJC_MSGSEND = YES;
				GCC_C_LANGUAGE_STANDARD = gnu99;
				GCC_DYNAMIC_NO_PIC = NO;
				GCC_OPTIMIZATION_LEVEL = 0;
				GCC_PREPROCESSOR_DEFINITIONS = (
					"DEBUG=1",
					"$(inherited)",
				);
				GCC_SYMBOLS_PRIVATE_EXTERN = NO;
				GCC_WARN_64_TO_32_BIT_CONVERSION = YES;
				GCC_WARN_ABOUT_RETURN_TYPE = YES_ERROR;
				GCC_WARN_UNDECLARED_SELECTOR = YES;
				GCC_WARN_UNINITIALIZED_AUTOS = YES_AGGRESSIVE;
				GCC_WARN_UNUSED_FUNCTION = YES;
				GCC_WARN_UNUSED_VARIABLE = YES;
				IPHONEOS_DEPLOYMENT_TARGET = 8.0;
				MTL_ENABLE_DEBUG_INFO = YES;
				ONLY_ACTIVE_ARCH = YES;
				SDKROOT = iphoneos;
				SWIFT_OPTIMIZATION_LEVEL = "-Onone";
			};
			name = Debug;
		};
		840F7DB819C14803005C1742 /* Release */ = {
			isa = XCBuildConfiguration;
			buildSettings = {
				ALWAYS_SEARCH_USER_PATHS = NO;
				CLANG_CXX_LANGUAGE_STANDARD = "gnu++0x";
				CLANG_CXX_LIBRARY = "libc++";
				CLANG_ENABLE_MODULES = YES;
				CLANG_ENABLE_OBJC_ARC = YES;
				CLANG_WARN_BOOL_CONVERSION = YES;
				CLANG_WARN_CONSTANT_CONVERSION = YES;
				CLANG_WARN_DIRECT_OBJC_ISA_USAGE = YES_ERROR;
				CLANG_WARN_EMPTY_BODY = YES;
				CLANG_WARN_ENUM_CONVERSION = YES;
				CLANG_WARN_INT_CONVERSION = YES;
				CLANG_WARN_OBJC_ROOT_CLASS = YES_ERROR;
				CLANG_WARN_UNREACHABLE_CODE = YES;
				CLANG_WARN__DUPLICATE_METHOD_MATCH = YES;
				"CODE_SIGN_IDENTITY[sdk=iphoneos*]" = "iPhone Developer";
				COPY_PHASE_STRIP = YES;
				ENABLE_NS_ASSERTIONS = NO;
				ENABLE_STRICT_OBJC_MSGSEND = YES;
				GCC_C_LANGUAGE_STANDARD = gnu99;
				GCC_WARN_64_TO_32_BIT_CONVERSION = YES;
				GCC_WARN_ABOUT_RETURN_TYPE = YES_ERROR;
				GCC_WARN_UNDECLARED_SELECTOR = YES;
				GCC_WARN_UNINITIALIZED_AUTOS = YES_AGGRESSIVE;
				GCC_WARN_UNUSED_FUNCTION = YES;
				GCC_WARN_UNUSED_VARIABLE = YES;
				IPHONEOS_DEPLOYMENT_TARGET = 8.0;
				MTL_ENABLE_DEBUG_INFO = NO;
				SDKROOT = iphoneos;
				VALIDATE_PRODUCT = YES;
			};
			name = Release;
		};
		840F7DBA19C14803005C1742 /* Debug */ = {
			isa = XCBuildConfiguration;
			buildSettings = {
				ASSETCATALOG_COMPILER_APPICON_NAME = AppIcon;
				INFOPLIST_FILE = rottentom/Info.plist;
				LD_RUNPATH_SEARCH_PATHS = "$(inherited) @executable_path/Frameworks";
				PRODUCT_NAME = "$(TARGET_NAME)";
			};
			name = Debug;
		};
		840F7DBB19C14803005C1742 /* Release */ = {
			isa = XCBuildConfiguration;
			buildSettings = {
				ASSETCATALOG_COMPILER_APPICON_NAME = AppIcon;
				INFOPLIST_FILE = rottentom/Info.plist;
				LD_RUNPATH_SEARCH_PATHS = "$(inherited) @executable_path/Frameworks";
				PRODUCT_NAME = "$(TARGET_NAME)";
			};
			name = Release;
		};
		840F7DBD19C14803005C1742 /* Debug */ = {
			isa = XCBuildConfiguration;
			buildSettings = {
				BUNDLE_LOADER = "$(TEST_HOST)";
				FRAMEWORK_SEARCH_PATHS = (
					"$(SDKROOT)/Developer/Library/Frameworks",
					"$(inherited)",
				);
				GCC_PREPROCESSOR_DEFINITIONS = (
					"DEBUG=1",
					"$(inherited)",
				);
				INFOPLIST_FILE = rottentomTests/Info.plist;
				LD_RUNPATH_SEARCH_PATHS = "$(inherited) @executable_path/Frameworks @loader_path/Frameworks";
				PRODUCT_NAME = "$(TARGET_NAME)";
				TEST_HOST = "$(BUILT_PRODUCTS_DIR)/rottentom.app/rottentom";
			};
			name = Debug;
		};
		840F7DBE19C14803005C1742 /* Release */ = {
			isa = XCBuildConfiguration;
			buildSettings = {
				BUNDLE_LOADER = "$(TEST_HOST)";
				FRAMEWORK_SEARCH_PATHS = (
					"$(SDKROOT)/Developer/Library/Frameworks",
					"$(inherited)",
				);
				INFOPLIST_FILE = rottentomTests/Info.plist;
				LD_RUNPATH_SEARCH_PATHS = "$(inherited) @executable_path/Frameworks @loader_path/Frameworks";
				PRODUCT_NAME = "$(TARGET_NAME)";
				TEST_HOST = "$(BUILT_PRODUCTS_DIR)/rottentom.app/rottentom";
			};
			name = Release;
		};
/* End XCBuildConfiguration section */

/* Begin XCConfigurationList section */
		840F7D9519C14803005C1742 /* Build configuration list for PBXProject "rottentom" */ = {
			isa = XCConfigurationList;
			buildConfigurations = (
				840F7DB719C14803005C1742 /* Debug */,
				840F7DB819C14803005C1742 /* Release */,
			);
			defaultConfigurationIsVisible = 0;
			defaultConfigurationName = Release;
		};
		840F7DB919C14803005C1742 /* Build configuration list for PBXNativeTarget "rottentom" */ = {
			isa = XCConfigurationList;
			buildConfigurations = (
				840F7DBA19C14803005C1742 /* Debug */,
				840F7DBB19C14803005C1742 /* Release */,
			);
			defaultConfigurationIsVisible = 0;
		};
		840F7DBC19C14803005C1742 /* Build configuration list for PBXNativeTarget "rottentomTests" */ = {
			isa = XCConfigurationList;
			buildConfigurations = (
				840F7DBD19C14803005C1742 /* Debug */,
				840F7DBE19C14803005C1742 /* Release */,
			);
			defaultConfigurationIsVisible = 0;
		};
/* End XCConfigurationList section */
	};
	rootObject = 840F7D9219C14803005C1742 /* Project object */;
}
